PODS:
  - SwiftMessages (6.0.2):
    - SwiftMessages/App (= 6.0.2)
  - SwiftMessages/App (6.0.2)

DEPENDENCIES:
  - SwiftMessages

SPEC REPOS:
  https://github.com/cocoapods/specs.git:
    - SwiftMessages

SPEC CHECKSUMS:
  SwiftMessages: 8b3cc68dba2f1c91aac1a74c90b10287aac35371

PODFILE CHECKSUM: 796054305c6cb8257b19878b72d0806465d1b2bf

COCOAPODS: 1.6.1
